
Microsoft Visual Studio Solution File, Format Version 12.00
# Visual Studio 15
VisualStudioVersion = 15.0.26124.0
MinimumVisualStudioVersion = 15.0.26124.0
Project("{2150E333-8FDC-42A3-9474-1A3956D46DE8}") = "src", "src", "{7CBC49D6-AD43-4B36-953C-9043081F70FC}"
EndProject
Project("{FAE04EC0-301F-11D3-BF4B-00C04F79EFBC}") = "Sample.Hellow", "src\Sample.Hellow\Sample.Hellow.csproj", "{4B55AD9F-4CAD-406B-9472-4259DD686877}"
EndProject
Project("{2150E333-8FDC-42A3-9474-1A3956D46DE8}") = "tests", "tests", "{14B284B2-C0EE-492E-B979-8B10F513FEF7}"
EndProject
Project("{FAE04EC0-301F-11D3-BF4B-00C04F79EFBC}") = "Sample.Hellow.Tests", "tests\Sample.Hellow.Tests\Sample.Hellow.Tests.csproj", "{0B5AD796-776A-4422-9771-B3F010329282}"
EndProject
Global
	GlobalSection(SolutionConfigurationPlatforms) = preSolution
		Debug|Any CPU = Debug|Any CPU
		Debug|x64 = Debug|x64
		Debug|x86 = Debug|x86
		Release|Any CPU = Release|Any CPU
		Release|x64 = Release|x64
		Release|x86 = Release|x86
	EndGlobalSection
	GlobalSection(SolutionProperties) = preSolution
		HideSolutionNode = FALSE
	EndGlobalSection
	GlobalSection(ProjectConfigurationPlatforms) = postSolution
		{4B55AD9F-4CAD-406B-9472-4259DD686877}.Debug|Any CPU.ActiveCfg = Debug|Any CPU
		{4B55AD9F-4CAD-406B-9472-4259DD686877}.Debug|Any CPU.Build.0 = Debug|Any CPU
		{4B55AD9F-4CAD-406B-9472-4259DD686877}.Debug|x64.ActiveCfg = Debug|Any CPU
		{4B55AD9F-4CAD-406B-9472-4259DD686877}.Debug|x64.Build.0 = Debug|Any CPU
		{4B55AD9F-4CAD-406B-9472-4259DD686877}.Debug|x86.ActiveCfg = Debug|Any CPU
		{4B55AD9F-4CAD-406B-9472-4259DD686877}.Debug|x86.Build.0 = Debug|Any CPU
		{4B55AD9F-4CAD-406B-9472-4259DD686877}.Release|Any CPU.ActiveCfg = Release|Any CPU
		{4B55AD9F-4CAD-406B-9472-4259DD686877}.Release|Any CPU.Build.0 = Release|Any CPU
		{4B55AD9F-4CAD-406B-9472-4259DD686877}.Release|x64.ActiveCfg = Release|Any CPU
		{4B55AD9F-4CAD-406B-9472-4259DD686877}.Release|x64.Build.0 = Release|Any CPU
		{4B55AD9F-4CAD-406B-9472-4259DD686877}.Release|x86.ActiveCfg = Release|Any CPU
		{4B55AD9F-4CAD-406B-9472-4259DD686877}.Release|x86.Build.0 = Release|Any CPU
		{0B5AD796-776A-4422-9771-B3F010329282}.Debug|Any CPU.ActiveCfg = Debug|Any CPU
		{0B5AD796-776A-4422-9771-B3F010329282}.Debug|Any CPU.Build.0 = Debug|Any CPU
		{0B5AD796-776A-4422-9771-B3F010329282}.Debug|x64.ActiveCfg = Debug|Any CPU
		{0B5AD796-776A-4422-9771-B3F010329282}.Debug|x64.Build.0 = Debug|Any CPU
		{0B5AD796-776A-4422-9771-B3F010329282}.Debug|x86.ActiveCfg = Debug|Any CPU
		{0B5AD796-776A-4422-9771-B3F010329282}.Debug|x86.Build.0 = Debug|Any CPU
		{0B5AD796-776A-4422-9771-B3F010329282}.Release|Any CPU.ActiveCfg = Release|Any CPU
		{0B5AD796-776A-4422-9771-B3F010329282}.Release|Any CPU.Build.0 = Release|Any CPU
		{0B5AD796-776A-4422-9771-B3F010329282}.Release|x64.ActiveCfg = Release|Any CPU
		{0B5AD796-776A-4422-9771-B3F010329282}.Release|x64.Build.0 = Release|Any CPU
		{0B5AD796-776A-4422-9771-B3F010329282}.Release|x86.ActiveCfg = Release|Any CPU
		{0B5AD796-776A-4422-9771-B3F010329282}.Release|x86.Build.0 = Release|Any CPU
	EndGlobalSection
	GlobalSection(NestedProjects) = preSolution
		{4B55AD9F-4CAD-406B-9472-4259DD686877} = {7CBC49D6-AD43-4B36-953C-9043081F70FC}
		{0B5AD796-776A-4422-9771-B3F010329282} = {14B284B2-C0EE-492E-B979-8B10F513FEF7}
	EndGlobalSection
EndGlobal
